
Microsoft Visual Studio Solution File, Format Version 12.00
# Visual Studio Version 17
VisualStudioVersion = 17.9.34728.123
MinimumVisualStudioVersion = 10.0.40219.1
Project("{9A19103F-16F7-4668-BE54-9A1E7A4F7556}") = "EventService", "EventService.csproj", "{69BFE0BF-7629-4951-A778-BCD0405B415E}"
EndProject
Project("{9A19103F-16F7-4668-BE54-9A1E7A4F7556}") = "TicketService", "C:\Users\sagun.chauhan\ConcertTicketManagement\TicketService\TicketService.csproj", "{F7923B10-FFA3-46D4-85FE-1C6EBF12CED0}"
EndProject
Project("{9A19103F-16F7-4668-BE54-9A1E7A4F7556}") = "VenueService", "C:\Users\sagun.chauhan\ConcertTicketManagement\VenueService\VenueService.csproj", "{51F7AB8F-3FFC-44FA-A7B7-BA0C88BFD0BB}"
EndProject
Global
	GlobalSection(SolutionConfigurationPlatforms) = preSolution
		Debug|Any CPU = Debug|Any CPU
		Release|Any CPU = Release|Any CPU
	EndGlobalSection
	GlobalSection(ProjectConfigurationPlatforms) = postSolution
		{69BFE0BF-7629-4951-A778-BCD0405B415E}.Debug|Any CPU.ActiveCfg = Debug|Any CPU
		{69BFE0BF-7629-4951-A778-BCD0405B415E}.Debug|Any CPU.Build.0 = Debug|Any CPU
		{69BFE0BF-7629-4951-A778-BCD0405B415E}.Release|Any CPU.ActiveCfg = Release|Any CPU
		{69BFE0BF-7629-4951-A778-BCD0405B415E}.Release|Any CPU.Build.0 = Release|Any CPU
		{F7923B10-FFA3-46D4-85FE-1C6EBF12CED0}.Debug|Any CPU.ActiveCfg = Debug|Any CPU
		{F7923B10-FFA3-46D4-85FE-1C6EBF12CED0}.Debug|Any CPU.Build.0 = Debug|Any CPU
		{F7923B10-FFA3-46D4-85FE-1C6EBF12CED0}.Release|Any CPU.ActiveCfg = Release|Any CPU
		{F7923B10-FFA3-46D4-85FE-1C6EBF12CED0}.Release|Any CPU.Build.0 = Release|Any CPU
		{51F7AB8F-3FFC-44FA-A7B7-BA0C88BFD0BB}.Debug|Any CPU.ActiveCfg = Debug|Any CPU
		{51F7AB8F-3FFC-44FA-A7B7-BA0C88BFD0BB}.Debug|Any CPU.Build.0 = Debug|Any CPU
		{51F7AB8F-3FFC-44FA-A7B7-BA0C88BFD0BB}.Release|Any CPU.ActiveCfg = Release|Any CPU
		{51F7AB8F-3FFC-44FA-A7B7-BA0C88BFD0BB}.Release|Any CPU.Build.0 = Release|Any CPU
	EndGlobalSection
	GlobalSection(SolutionProperties) = preSolution
		HideSolutionNode = FALSE
	EndGlobalSection
	GlobalSection(ExtensibilityGlobals) = postSolution
		SolutionGuid = {1E8AA891-390B-4BFC-B98D-56A352B5E082}
	EndGlobalSection
EndGlobal
